{
  "name": "buttoncomponent-nastya-button",
  "version": "1.0.0",
  "lockfileVersion": 3,
  "requires": true,
  "packages": {
    "": {
      "name": "buttoncomponent-nastya-button",
      "version": "1.0.0",
      "license": "ISC",
      "dependencies": {
        "buttoncomponent-nastya-button": "^1.0.0"
      }
    },
    "node_modules/buttoncomponent-nastya-button": {
      "version": "1.0.0",
      "resolved": "https://registry.npmjs.org/buttoncomponent-nastya-button/-/buttoncomponent-nastya-button-1.0.0.tgz",
      "integrity": "sha512-TbI7q6wyJKXD+cIpFWT3ay7vNMvXCWnCGdKOsvQhcTngJncuZUYwDLBQdwdBV0ZILFhsBECk5tOvzHOYQs+E7g=="
    }
  }
}
